{
  "name": "oho",
  "version": "0.0.1",
  "lockfileVersion": 2,
  "requires": true,
  "packages": {
    "": {
      "name": "oho",
      "version": "0.0.1",
      "dependencies": {
        "@oho-ui/progress": "file:../progress",
        "@oho-ui/stepper": "file:../stepper",
        "@oho-ui/swiper-layout": "file:../swiper-layout"
      }
    },
    "../progress": {
      "name": "@oho-ui/progress",
      "version": "0.0.1",
      "license": "ISC"
    },
    "../stepper": {
      "name": "@oho-ui/stepper",
      "version": "0.0.1",
      "license": "ISC"
    },
    "../swiper-layout": {
      "name": "@oho-ui/swiper-layout",
      "version": "0.0.1",
      "license": "ISC"
    },
    "node_modules/@oho-ui/progress": {
      "resolved": "../progress",
      "link": true
    },
    "node_modules/@oho-ui/stepper": {
      "resolved": "../stepper",
      "link": true
    },
    "node_modules/@oho-ui/swiper-layout": {
      "resolved": "../swiper-layout",
      "link": true
    }
  },
  "dependencies": {
    "@oho-ui/progress": {
      "version": "file:../progress"
    },
    "@oho-ui/stepper": {
      "version": "file:../stepper"
    },
    "@oho-ui/swiper-layout": {
      "version": "file:../swiper-layout"
    }
  }
}
