{
  "name": "oho-ui",
  "version": "0.0.1",
  "lockfileVersion": 2,
  "requires": true,
  "packages": {
    "": {
      "version": "0.0.1",
      "license": "ISC",
      "devDependencies": {
        "@oho-ui/progress": "file:package/progress",
        "@oho-ui/swiper-layout": "file:package/swiper-layout",
        "oho-ui": "file:package/oho-ui"
      }
    },
    "node_modules/@oho-ui/progress": {
      "resolved": "package/progress",
      "link": true
    },
    "node_modules/@oho-ui/swiper-layout": {
      "resolved": "package/swiper-layout",
      "link": true
    },
    "node_modules/oho-ui": {
      "resolved": "package/oho-ui",
      "link": true
    },
    "package/oho-ui": {
      "name": "oho",
      "version": "0.0.1",
      "dev": true,
      "dependencies": {
        "@oho-ui/progress": "file:../progress",
        "@oho-ui/swiper-layout": "file:../swiper-layout"
      }
    },
    "package/progress": {
      "version": "0.0.1",
      "integrity": "sha1-Xd+SOPvJ0jfh/l8f95OcFLBhXD8=",
      "dev": true,
      "engines": {
        "node": "0.4.x"
      }
    },
    "package/swiper-layout": {
      "name": "@oho-ui/swiper-layout",
      "version": "0.0.1",
      "dev": true,
      "license": "ISC"
    }
  },
  "dependencies": {
    "@oho-ui/progress": {
      "version": "file:package/progress"
    },
    "@oho-ui/swiper-layout": {
      "version": "file:package/swiper-layout"
    },
    "oho-ui": {
      "version": "file:package/oho-ui",
      "requires": {
        "@oho-ui/progress": "file:../progress",
        "@oho-ui/swiper-layout": "file:../swiper-layout"
      }
    }
  }
}
