{
  "version": "0.0.1",
  "lockfileVersion": 1,
  "requires": true,
  "dependencies": {
    "@oho-ui/progress": {
      "version": "file:package/progress",
      "dev": true
    },
    "@oho-ui/swiper-layout": {
      "version": "file:package/swiper-layout",
      "dev": true
    },
    "oho-ui": {
      "version": "file:package/oho-ui",
      "dev": true,
      "requires": {
        "@oho-ui/progress": "file:package/progress",
        "@oho-ui/swiper-layout": "file:package/swiper-layout"
      }
    }
  }
}
