# THIS IS AN AUTOGENERATED FILE. DO NOT EDIT THIS FILE DIRECTLY.
# yarn lockfile v1


"@oho-ui/progress@file:package/progress":
  version "0.0.1"

"@oho-ui/slider@file:package/slider":
  version "0.0.1"

"@oho-ui/swiper-layout@file:package/swiper-layout":
  version "0.0.1"

"@oho-ui/switch@file:package/switch":
  version "0.0.1"

"oho-ui@file:package/oho-ui":
  version "0.0.1"
  dependencies:
    "@oho-ui/progress" "file:../../../AppData/Local/Yarn/Cache/v6/npm-oho-ui-0.0.1-f278b1ca-675d-4927-b7ca-bfd9d328c0a8-1644322782879/node_modules/progress"
    "@oho-ui/slider" "file:../../../AppData/Local/Yarn/Cache/v6/npm-oho-ui-0.0.1-f278b1ca-675d-4927-b7ca-bfd9d328c0a8-1644322782879/node_modules/slider"
    "@oho-ui/swiper-layout" "file:../../../AppData/Local/Yarn/Cache/v6/npm-oho-ui-0.0.1-f278b1ca-675d-4927-b7ca-bfd9d328c0a8-1644322782879/node_modules/swiper-layout"
